
Microsoft Visual Studio Solution File, Format Version 12.00
# Visual Studio Version 17
VisualStudioVersion = 17.11.35208.52
MinimumVisualStudioVersion = 10.0.40219.1
Project("{9A19103F-16F7-4668-BE54-9A1E7A4F7556}") = "lab5_backend", "lab5_backend.csproj", "{2389A59E-75ED-493D-90DB-C2CCDAF9E799}"
EndProject
Global
	GlobalSection(SolutionConfigurationPlatforms) = preSolution
		Debug|Any CPU = Debug|Any CPU
		Release|Any CPU = Release|Any CPU
	EndGlobalSection
	GlobalSection(ProjectConfigurationPlatforms) = postSolution
		{2389A59E-75ED-493D-90DB-C2CCDAF9E799}.Debug|Any CPU.ActiveCfg = Debug|Any CPU
		{2389A59E-75ED-493D-90DB-C2CCDAF9E799}.Debug|Any CPU.Build.0 = Debug|Any CPU
		{2389A59E-75ED-493D-90DB-C2CCDAF9E799}.Release|Any CPU.ActiveCfg = Release|Any CPU
		{2389A59E-75ED-493D-90DB-C2CCDAF9E799}.Release|Any CPU.Build.0 = Release|Any CPU
	EndGlobalSection
	GlobalSection(SolutionProperties) = preSolution
		HideSolutionNode = FALSE
	EndGlobalSection
	GlobalSection(ExtensibilityGlobals) = postSolution
		SolutionGuid = {39626148-3602-4AE8-A2E4-B36101CA560A}
	EndGlobalSection
EndGlobal
